
Microsoft Visual Studio Solution File, Format Version 12.00
# Visual Studio Version 17
VisualStudioVersion = 17.0.31903.59
MinimumVisualStudioVersion = 10.0.40219.1
Project("{FAE04EC0-301F-11D3-BF4B-00C04F79EFBC}") = "API", "API\API.csproj", "{D45B609B-7DE1-480B-8467-ECFC6D4CC65A}"
EndProject
Project("{FAE04EC0-301F-11D3-BF4B-00C04F79EFBC}") = "Application", "Application\Application.csproj", "{0E0537BD-3BA0-40E6-90C8-DBB443EEE358}"
EndProject
Project("{FAE04EC0-301F-11D3-BF4B-00C04F79EFBC}") = "Domain", "Domain\Domain.csproj", "{E78E6ED1-9F7F-4FA3-B26E-C1F4FA2C698B}"
EndProject
Project("{FAE04EC0-301F-11D3-BF4B-00C04F79EFBC}") = "Persistence", "Persistence\Persistence.csproj", "{4772261A-5E5A-4226-AC82-9148C95E7365}"
EndProject
Global
	GlobalSection(SolutionConfigurationPlatforms) = preSolution
		Debug|Any CPU = Debug|Any CPU
		Release|Any CPU = Release|Any CPU
	EndGlobalSection
	GlobalSection(SolutionProperties) = preSolution
		HideSolutionNode = FALSE
	EndGlobalSection
	GlobalSection(ProjectConfigurationPlatforms) = postSolution
		{D45B609B-7DE1-480B-8467-ECFC6D4CC65A}.Debug|Any CPU.ActiveCfg = Debug|Any CPU
		{D45B609B-7DE1-480B-8467-ECFC6D4CC65A}.Debug|Any CPU.Build.0 = Debug|Any CPU
		{D45B609B-7DE1-480B-8467-ECFC6D4CC65A}.Release|Any CPU.ActiveCfg = Release|Any CPU
		{D45B609B-7DE1-480B-8467-ECFC6D4CC65A}.Release|Any CPU.Build.0 = Release|Any CPU
		{0E0537BD-3BA0-40E6-90C8-DBB443EEE358}.Debug|Any CPU.ActiveCfg = Debug|Any CPU
		{0E0537BD-3BA0-40E6-90C8-DBB443EEE358}.Debug|Any CPU.Build.0 = Debug|Any CPU
		{0E0537BD-3BA0-40E6-90C8-DBB443EEE358}.Release|Any CPU.ActiveCfg = Release|Any CPU
		{0E0537BD-3BA0-40E6-90C8-DBB443EEE358}.Release|Any CPU.Build.0 = Release|Any CPU
		{E78E6ED1-9F7F-4FA3-B26E-C1F4FA2C698B}.Debug|Any CPU.ActiveCfg = Debug|Any CPU
		{E78E6ED1-9F7F-4FA3-B26E-C1F4FA2C698B}.Debug|Any CPU.Build.0 = Debug|Any CPU
		{E78E6ED1-9F7F-4FA3-B26E-C1F4FA2C698B}.Release|Any CPU.ActiveCfg = Release|Any CPU
		{E78E6ED1-9F7F-4FA3-B26E-C1F4FA2C698B}.Release|Any CPU.Build.0 = Release|Any CPU
		{4772261A-5E5A-4226-AC82-9148C95E7365}.Debug|Any CPU.ActiveCfg = Debug|Any CPU
		{4772261A-5E5A-4226-AC82-9148C95E7365}.Debug|Any CPU.Build.0 = Debug|Any CPU
		{4772261A-5E5A-4226-AC82-9148C95E7365}.Release|Any CPU.ActiveCfg = Release|Any CPU
		{4772261A-5E5A-4226-AC82-9148C95E7365}.Release|Any CPU.Build.0 = Release|Any CPU
	EndGlobalSection
EndGlobal
